
Microsoft Visual Studio Solution File, Format Version 12.00
# Visual Studio 15
VisualStudioVersion = 15.0.28307.902
MinimumVisualStudioVersion = 10.0.40219.1
Project("{8BC9CEB8-8B4A-11D0-8D11-00A0C91BC942}") = "template_linked_list", "template_linked_list\template_linked_list.vcxproj", "{23CE4848-F97B-4C53-8AE6-3B85B8B197C2}"
EndProject
Global
	GlobalSection(SolutionConfigurationPlatforms) = preSolution
		Debug|x64 = Debug|x64
		Debug|x86 = Debug|x86
		Release|x64 = Release|x64
		Release|x86 = Release|x86
	EndGlobalSection
	GlobalSection(ProjectConfigurationPlatforms) = postSolution
		{23CE4848-F97B-4C53-8AE6-3B85B8B197C2}.Debug|x64.ActiveCfg = Debug|x64
		{23CE4848-F97B-4C53-8AE6-3B85B8B197C2}.Debug|x64.Build.0 = Debug|x64
		{23CE4848-F97B-4C53-8AE6-3B85B8B197C2}.Debug|x86.ActiveCfg = Debug|Win32
		{23CE4848-F97B-4C53-8AE6-3B85B8B197C2}.Debug|x86.Build.0 = Debug|Win32
		{23CE4848-F97B-4C53-8AE6-3B85B8B197C2}.Release|x64.ActiveCfg = Release|x64
		{23CE4848-F97B-4C53-8AE6-3B85B8B197C2}.Release|x64.Build.0 = Release|x64
		{23CE4848-F97B-4C53-8AE6-3B85B8B197C2}.Release|x86.ActiveCfg = Release|Win32
		{23CE4848-F97B-4C53-8AE6-3B85B8B197C2}.Release|x86.Build.0 = Release|Win32
	EndGlobalSection
	GlobalSection(SolutionProperties) = preSolution
		HideSolutionNode = FALSE
	EndGlobalSection
	GlobalSection(ExtensibilityGlobals) = postSolution
		SolutionGuid = {BAC2AF22-55FF-45CA-88B4-82C687B83030}
	EndGlobalSection
EndGlobal
